github.com/davecgh/go-spew v1.1.0/go.mod h1:J7Y8YcW2NihsgmVo/mv3lAwl/skON4iLHjSsI+c5H38=
github.com/davecgh/go-spew v1.1.1/go.mod h1:J7Y8YcW2NihsgmVo/mv3lAwl/skON4iLHjSsI+c5H38=
github.com/google/pprof v0.0.0-20190723021845-34ac40c74b70 h1:XTnP8fJpa4Kvpw2qARB4KS9izqxPS0Sd92cDlY3uk+w=
github.com/google/pprof v0.0.0-20190723021845-34ac40c74b70/go.mod h1:zfwlbNMJ+OItoe0UupaVj+oy1omPYYDuagoSzA8v9mc=
github.com/ianlancetaylor/demangle v0.0.0-20181102032728-5e5cf60278f6 h1:UDMh68UUwekSh5iP2OMhRRZJiiBccgV7axzUG8vi56c=
github.com/ianlancetaylor/demangle v0.0.0-20181102032728-5e5cf60278f6/go.mod h1:aSSvb/t6k1mPoxDqO4vJh6VOCGPwU4O0C2/Eqndh1Sc=
github.com/mitchellh/colorstring v0.0.0-20190213212951-d06e56a500db h1:62I3jR2EmQ4l5rM/4FEfDWcRD+abF5XlKShorW5LRoQ=
github.com/mitchellh/colorstring v0.0.0-20190213212951-d06e56a500db/go.mod h1:l0dey0ia/Uv7NcFFVbCLtqEBQbrT4OCwCSKTEv6enCw=
github.com/pmezard/go-difflib v1.0.0/go.mod h1:iKH77koFhYxTK1pcRnkKkqfTogsbg7gZNVY4sRDYZ/4=
github.com/schollz/progressbar/v2 v2.13.2 h1:3L9bP5KQOGEnFP8P5V8dz+U0yo5I29iY5Oa9s9EAwn0=
github.com/schollz/progressbar/v2 v2.13.2/go.mod h1:6YZjqdthH6SCZKv2rqGryrxPtfmRB/DWZxSMfCXPyD8=
github.com/stretchr/objx v0.1.0/go.mod h1:HFkY916IF+rwdDfMAkV7OtwuqBVzrE8GR6GFx+wExME=
github.com/stretchr/testify v1.3.0/go.mod h1:M5WIy9Dh21IEIfnGCwXGc5bZfKNJtfHm1UVUgZn+9EI=
github.com/xfali/executor v0.0.1 h1:ECbvmQIfU1Q11jK60yqrHLpCPhZCjCs26kLwqHPWwUw=
github.com/xfali/executor v0.0.1/go.mod h1:QnYi60coVK2iFTAs9A5IWW88J+vsF95eIPar89GkLgk=
github.com/xfali/goutils v0.0.1 h1:+EdTZ1jOpLtzfhP4cooM2dgZUPSt6REY7Grmu+oruCI=
github.com/xfali/goutils v0.0.1/go.mod h1:Y5AJd9PsU0UY1eRnV81L0e+ftZKFkosOT0z8hM9MlSo=
github.com/xfali/goutils v0.0.2 h1:0Zi7wHGZau46qU7XWuGAbu2XMlfraOu7b81MjG2toKs=
github.com/xfali/goutils v0.0.2/go.mod h1:Y5AJd9PsU0UY1eRnV81L0e+ftZKFkosOT0z8hM9MlSo=
github.com/xfali/timewheel v0.0.0-20180725064035-af96123fd9f1 h1:RKPdVAr5wiTEMCw2UUlOkJKbyAEe3BY1ilKqhEY7xmk=
github.com/xfali/timewheel v0.0.0-20180725064035-af96123fd9f1/go.mod h1:Oqc7R8w+lV7i0JyX59rA3/VXP/5lY4GaR7WLWlSwEO0=
